<?xml version="1.0" encoding="utf-8"?>
<Project ToolsVersion="4.0" xmlns="http://schemas.microsoft.com/developer/msbuild/2003">
  <ItemGroup>
    <Filter Include="src">
      <UniqueIdentifier>{e9dec1a7-6097-4934-bb01-a21b9ea1dbc3}</UniqueIdentifier>
    </Filter>
    <Filter Include="test">
      <UniqueIdentifier>{06589c07-c71d-43fc-9282-a79108182c02}</UniqueIdentifier>
    </Filter>
  </ItemGroup>
  <ItemGroup>
    <ClCompile Include="..\..\..\src\zax.cpp">
      <Filter>src</Filter>
    </ClCompile>
    <ClCompile Include="..\..\..\src\pch.cpp">
      <Filter>src</Filter>
    </ClCompile>
    <ClCompile Include="..\..\..\src\helpers.cpp">
      <Filter>src</Filter>
    </ClCompile>
    <ClCompile Include="..\..\..\src\Token.cpp">
      <Filter>src</Filter>
    </ClCompile>
    <ClCompile Include="..\..\..\src\Tokenizer.cpp">
      <Filter>src</Filter>
    </ClCompile>
    <ClCompile Include="..\..\..\src\OperatorLut.cpp">
      <Filter>src</Filter>
    </ClCompile>
    <ClCompile Include="..\..\..\test\test_common.cpp">
      <Filter>test</Filter>
    </ClCompile>
    <ClCompile Include="..\..\..\test\test_OperatorLut.cpp">
      <Filter>test</Filter>
    </ClCompile>
    <ClCompile Include="..\..\..\test\test_Tokenizer.cpp">
      <Filter>test</Filter>
    </ClCompile>
    <ClCompile Include="..\..\..\src\TokenList.cpp">
      <Filter>src</Filter>
    </ClCompile>
    <ClCompile Include="..\..\..\test\test_TokenizerList.cpp">
      <Filter>test</Filter>
    </ClCompile>
    <ClCompile Include="..\..\..\src\CompilerException.cpp">
      <Filter>src</Filter>
    </ClCompile>
    <ClCompile Include="..\..\..\src\CompilerState.cpp">
      <Filter>src</Filter>
    </ClCompile>
    <ClCompile Include="..\..\..\src\Compiler.cpp">
      <Filter>src</Filter>
    </ClCompile>
    <ClCompile Include="..\..\..\test\test_helpers.cpp">
      <Filter>test</Filter>
    </ClCompile>
    <ClCompile Include="..\..\..\src\Compiler_Directives.cpp">
      <Filter>src</Filter>
    </ClCompile>
    <ClCompile Include="..\..\..\test\test_Compiler.cpp">
      <Filter>test</Filter>
    </ClCompile>
  </ItemGroup>
  <ItemGroup>
    <ClInclude Include="..\..\..\src\pch.h">
      <Filter>src</Filter>
    </ClInclude>
    <ClInclude Include="..\..\..\src\Compiler.h">
      <Filter>src</Filter>
    </ClInclude>
    <ClInclude Include="..\..\..\src\CompileState.h">
      <Filter>src</Filter>
    </ClInclude>
    <ClInclude Include="..\..\..\src\Config.h">
      <Filter>src</Filter>
    </ClInclude>
    <ClInclude Include="..\..\..\src\Context.h">
      <Filter>src</Filter>
    </ClInclude>
    <ClInclude Include="..\..\..\src\Errors.h">
      <Filter>src</Filter>
    </ClInclude>
    <ClInclude Include="..\..\..\src\Faults.h">
      <Filter>src</Filter>
    </ClInclude>
    <ClInclude Include="..\..\..\src\helpers.h">
      <Filter>src</Filter>
    </ClInclude>
    <ClInclude Include="..\..\..\src\Module.h">
      <Filter>src</Filter>
    </ClInclude>
    <ClInclude Include="..\..\..\src\Panics.h">
      <Filter>src</Filter>
    </ClInclude>
    <ClInclude Include="..\..\..\src\Source.h">
      <Filter>src</Filter>
    </ClInclude>
    <ClInclude Include="..\..\..\src\Token.h">
      <Filter>src</Filter>
    </ClInclude>
    <ClInclude Include="..\..\..\src\Tokenizer.h">
      <Filter>src</Filter>
    </ClInclude>
    <ClInclude Include="..\..\..\src\types.h">
      <Filter>src</Filter>
    </ClInclude>
    <ClInclude Include="..\..\..\src\Warnings.h">
      <Filter>src</Filter>
    </ClInclude>
    <ClInclude Include="..\..\..\src\zax.h">
      <Filter>src</Filter>
    </ClInclude>
    <ClInclude Include="..\..\..\src\OperatorLut.h">
      <Filter>src</Filter>
    </ClInclude>
    <ClInclude Include="..\..\..\test\common.h">
      <Filter>test</Filter>
    </ClInclude>
    <ClInclude Include="..\..\..\src\TokenList.h">
      <Filter>src</Filter>
    </ClInclude>
    <ClInclude Include="..\..\..\src\version.h">
      <Filter>src</Filter>
    </ClInclude>
    <ClInclude Include="..\..\..\src\CompilerException.h">
      <Filter>src</Filter>
    </ClInclude>
    <ClInclude Include="..\..\..\src\Informationals.h">
      <Filter>src</Filter>
    </ClInclude>
  </ItemGroup>
  <ItemGroup>
    <None Include="..\..\..\.gitignore" />
    <None Include="..\..\..\LICENSE" />
    <None Include="..\..\..\README.md" />
  </ItemGroup>
</Project>